<?xml version="1.0" encoding="utf-8"?>
<Project ToolsVersion="16.0" xmlns="http://schemas.microsoft.com/developer/msbuild/2003">
  <ItemGroup>
    <ClCompile Include="D:\Program Files\Helios\helios-main\src\LidarSim.cpp">
      <Filter>Source Files</Filter>
    </ClCompile>
    <ClCompile Include="D:\Program Files\Helios\helios-main\src\assetloading\Asset.cpp">
      <Filter>Source Files</Filter>
    </ClCompile>
    <ClCompile Include="D:\Program Files\Helios\helios-main\src\assetloading\LadLutLoader.cpp">
      <Filter>Source Files</Filter>
    </ClCompile>
    <ClCompile Include="D:\Program Files\Helios\helios-main\src\assetloading\MaterialsFileReader.cpp">
      <Filter>Source Files</Filter>
    </ClCompile>
    <ClCompile Include="D:\Program Files\Helios\helios-main\src\assetloading\SceneLoadingSpecification.cpp">
      <Filter>Source Files</Filter>
    </ClCompile>
    <ClCompile Include="D:\Program Files\Helios\helios-main\src\assetloading\ScenePart.cpp">
      <Filter>Source Files</Filter>
    </ClCompile>
    <ClCompile Include="D:\Program Files\Helios\helios-main\src\assetloading\SpectralLibrary.cpp">
      <Filter>Source Files</Filter>
    </ClCompile>
    <ClCompile Include="D:\Program Files\Helios\helios-main\src\assetloading\VoxelFileParser.cpp">
      <Filter>Source Files</Filter>
    </ClCompile>
    <ClCompile Include="D:\Program Files\Helios\helios-main\src\assetloading\XmlAssetsLoader.cpp">
      <Filter>Source Files</Filter>
    </ClCompile>
    <ClCompile Include="D:\Program Files\Helios\helios-main\src\assetloading\geometryfilter\AbstractGeometryFilter.cpp">
      <Filter>Source Files</Filter>
    </ClCompile>
    <ClCompile Include="D:\Program Files\Helios\helios-main\src\assetloading\geometryfilter\DetailedVoxelLoader.cpp">
      <Filter>Source Files</Filter>
    </ClCompile>
    <ClCompile Include="D:\Program Files\Helios\helios-main\src\assetloading\geometryfilter\GeoTiffFileLoader.cpp">
      <Filter>Source Files</Filter>
    </ClCompile>
    <ClCompile Include="D:\Program Files\Helios\helios-main\src\assetloading\geometryfilter\RotateFilter.cpp">
      <Filter>Source Files</Filter>
    </ClCompile>
    <ClCompile Include="D:\Program Files\Helios\helios-main\src\assetloading\geometryfilter\ScaleFilter.cpp">
      <Filter>Source Files</Filter>
    </ClCompile>
    <ClCompile Include="D:\Program Files\Helios\helios-main\src\assetloading\geometryfilter\TranslateFilter.cpp">
      <Filter>Source Files</Filter>
    </ClCompile>
    <ClCompile Include="D:\Program Files\Helios\helios-main\src\assetloading\geometryfilter\WavefrontObjFileLoader.cpp">
      <Filter>Source Files</Filter>
    </ClCompile>
    <ClCompile Include="D:\Program Files\Helios\helios-main\src\assetloading\geometryfilter\XYZPointCloudFileLoader.cpp">
      <Filter>Source Files</Filter>
    </ClCompile>
    <ClCompile Include="D:\Program Files\Helios\helios-main\src\helios_version.cpp">
      <Filter>Source Files</Filter>
    </ClCompile>
    <ClCompile Include="D:\Program Files\Helios\helios-main\src\maths\Directions.cpp">
      <Filter>Source Files</Filter>
    </ClCompile>
    <ClCompile Include="D:\Program Files\Helios\helios-main\src\maths\LadLut.cpp">
      <Filter>Source Files</Filter>
    </ClCompile>
    <ClCompile Include="D:\Program Files\Helios\helios-main\src\maths\RayUtils.cpp">
      <Filter>Source Files</Filter>
    </ClCompile>
    <ClCompile Include="D:\Program Files\Helios\helios-main\src\maths\Rotation.cpp">
      <Filter>Source Files</Filter>
    </ClCompile>
    <ClCompile Include="D:\Program Files\Helios\helios-main\src\maths\RotationOrder.cpp">
      <Filter>Source Files</Filter>
    </ClCompile>
    <ClCompile Include="D:\Program Files\Helios\helios-main\src\maths\Vectorial.cpp">
      <Filter>Source Files</Filter>
    </ClCompile>
    <ClCompile Include="D:\Program Files\Helios\helios-main\src\noise\RandomnessGenerator.cpp">
      <Filter>Source Files</Filter>
    </ClCompile>
    <ClCompile Include="D:\Program Files\Helios\helios-main\src\platform\GroundVehiclePlatform.cpp">
      <Filter>Source Files</Filter>
    </ClCompile>
    <ClCompile Include="D:\Program Files\Helios\helios-main\src\platform\HelicopterPlatform.cpp">
      <Filter>Source Files</Filter>
    </ClCompile>
    <ClCompile Include="D:\Program Files\Helios\helios-main\src\platform\LinearPathPlatform.cpp">
      <Filter>Source Files</Filter>
    </ClCompile>
    <ClCompile Include="D:\Program Files\Helios\helios-main\src\platform\MovingPlatform.cpp">
      <Filter>Source Files</Filter>
    </ClCompile>
    <ClCompile Include="D:\Program Files\Helios\helios-main\src\platform\Platform.cpp">
      <Filter>Source Files</Filter>
    </ClCompile>
    <ClCompile Include="D:\Program Files\Helios\helios-main\src\platform\PlatformSettings.cpp">
      <Filter>Source Files</Filter>
    </ClCompile>
    <ClCompile Include="D:\Program Files\Helios\helios-main\src\platform\SimplePhysicsPlatform.cpp">
      <Filter>Source Files</Filter>
    </ClCompile>
    <ClCompile Include="D:\Program Files\Helios\helios-main\src\pybinds\PyHelios.cpp">
      <Filter>Source Files</Filter>
    </ClCompile>
    <ClCompile Include="D:\Program Files\Helios\helios-main\src\pybinds\PyHeliosSimulation.cpp">
      <Filter>Source Files</Filter>
    </ClCompile>
    <ClCompile Include="D:\Program Files\Helios\helios-main\src\scanner\FWFSettings.cpp">
      <Filter>Source Files</Filter>
    </ClCompile>
    <ClCompile Include="D:\Program Files\Helios\helios-main\src\scanner\Scanner.cpp">
      <Filter>Source Files</Filter>
    </ClCompile>
    <ClCompile Include="D:\Program Files\Helios\helios-main\src\scanner\ScannerHead.cpp">
      <Filter>Source Files</Filter>
    </ClCompile>
    <ClCompile Include="D:\Program Files\Helios\helios-main\src\scanner\beamDeflector\AbstractBeamDeflector.cpp">
      <Filter>Source Files</Filter>
    </ClCompile>
    <ClCompile Include="D:\Program Files\Helios\helios-main\src\scanner\beamDeflector\ConicBeamDeflector.cpp">
      <Filter>Source Files</Filter>
    </ClCompile>
    <ClCompile Include="D:\Program Files\Helios\helios-main\src\scanner\beamDeflector\FiberArrayBeamDeflector.cpp">
      <Filter>Source Files</Filter>
    </ClCompile>
    <ClCompile Include="D:\Program Files\Helios\helios-main\src\scanner\beamDeflector\OscillatingMirrorBeamDeflector.cpp">
      <Filter>Source Files</Filter>
    </ClCompile>
    <ClCompile Include="D:\Program Files\Helios\helios-main\src\scanner\beamDeflector\PolygonMirrorBeamDeflector.cpp">
      <Filter>Source Files</Filter>
    </ClCompile>
    <ClCompile Include="D:\Program Files\Helios\helios-main\src\scanner\beamDeflector\RisleyBeamDeflector.cpp">
      <Filter>Source Files</Filter>
    </ClCompile>
    <ClCompile Include="D:\Program Files\Helios\helios-main\src\scanner\detector\AbstractDetector.cpp">
      <Filter>Source Files</Filter>
    </ClCompile>
    <ClCompile Include="D:\Program Files\Helios\helios-main\src\scanner\detector\AbstractPulseRunnable.cpp">
      <Filter>Source Files</Filter>
    </ClCompile>
    <ClCompile Include="D:\Program Files\Helios\helios-main\src\scanner\detector\FullWaveformPulseDetector.cpp">
      <Filter>Source Files</Filter>
    </ClCompile>
    <ClCompile Include="D:\Program Files\Helios\helios-main\src\scanner\detector\FullWaveformPulseRunnable.cpp">
      <Filter>Source Files</Filter>
    </ClCompile>
    <ClCompile Include="D:\Program Files\Helios\helios-main\src\scanner\detector\MarquardtFitter.cpp">
      <Filter>Source Files</Filter>
    </ClCompile>
    <ClCompile Include="D:\Program Files\Helios\helios-main\src\scanner\detector\MeasurementsBuffer.cpp">
      <Filter>Source Files</Filter>
    </ClCompile>
    <ClCompile Include="D:\Program Files\Helios\helios-main\src\scene\IntersectionHandlingResult.cpp">
      <Filter>Source Files</Filter>
    </ClCompile>
    <ClCompile Include="D:\Program Files\Helios\helios-main\src\scene\KDTreeNode.cpp">
      <Filter>Source Files</Filter>
    </ClCompile>
    <ClCompile Include="D:\Program Files\Helios\helios-main\src\scene\KDTreeNodeRoot.cpp">
      <Filter>Source Files</Filter>
    </ClCompile>
    <ClCompile Include="D:\Program Files\Helios\helios-main\src\scene\KDTreeRaycaster.cpp">
      <Filter>Source Files</Filter>
    </ClCompile>
    <ClCompile Include="D:\Program Files\Helios\helios-main\src\scene\Material.cpp">
      <Filter>Source Files</Filter>
    </ClCompile>
    <ClCompile Include="D:\Program Files\Helios\helios-main\src\scene\RaySceneIntersection.cpp">
      <Filter>Source Files</Filter>
    </ClCompile>
    <ClCompile Include="D:\Program Files\Helios\helios-main\src\scene\Scene.cpp">
      <Filter>Source Files</Filter>
    </ClCompile>
    <ClCompile Include="D:\Program Files\Helios\helios-main\src\scene\primitives\AABB.cpp">
      <Filter>Source Files</Filter>
    </ClCompile>
    <ClCompile Include="D:\Program Files\Helios\helios-main\src\scene\primitives\DetailedVoxel.cpp">
      <Filter>Source Files</Filter>
    </ClCompile>
    <ClCompile Include="D:\Program Files\Helios\helios-main\src\scene\primitives\Primitive.cpp">
      <Filter>Source Files</Filter>
    </ClCompile>
    <ClCompile Include="D:\Program Files\Helios\helios-main\src\scene\primitives\Triangle.cpp">
      <Filter>Source Files</Filter>
    </ClCompile>
    <ClCompile Include="D:\Program Files\Helios\helios-main\src\scene\primitives\Vertex.cpp">
      <Filter>Source Files</Filter>
    </ClCompile>
    <ClCompile Include="D:\Program Files\Helios\helios-main\src\scene\primitives\Voxel.cpp">
      <Filter>Source Files</Filter>
    </ClCompile>
    <ClCompile Include="D:\Program Files\Helios\helios-main\src\surveyplayback\Leg.cpp">
      <Filter>Source Files</Filter>
    </ClCompile>
    <ClCompile Include="D:\Program Files\Helios\helios-main\src\surveyplayback\Simulation.cpp">
      <Filter>Source Files</Filter>
    </ClCompile>
    <ClCompile Include="D:\Program Files\Helios\helios-main\src\surveyplayback\Survey.cpp">
      <Filter>Source Files</Filter>
    </ClCompile>
    <ClCompile Include="D:\Program Files\Helios\helios-main\src\surveyplayback\SurveyPlayback.cpp">
      <Filter>Source Files</Filter>
    </ClCompile>
    <ClCompile Include="D:\Program Files\Helios\helios-main\src\surveyplayback\XmlSurveyLoader.cpp">
      <Filter>Source Files</Filter>
    </ClCompile>
    <ClCompile Include="D:\Program Files\Helios\helios-main\src\test\Tests.cpp">
      <Filter>Source Files</Filter>
    </ClCompile>
    <ClCompile Include="D:\Program Files\Helios\helios-main\src\util\ArgumentsParser.cpp">
      <Filter>Source Files</Filter>
    </ClCompile>
    <ClCompile Include="D:\Program Files\Helios\helios-main\src\util\FileUtils.cpp">
      <Filter>Source Files</Filter>
    </ClCompile>
    <ClCompile Include="D:\Program Files\Helios\helios-main\src\util\PrintUtils.cpp">
      <Filter>Source Files</Filter>
    </ClCompile>
    <ClCompile Include="D:\Program Files\Helios\helios-main\src\util\SerialIO.cpp">
      <Filter>Source Files</Filter>
    </ClCompile>
    <ClCompile Include="D:\Program Files\Helios\helios-main\src\util\TimeWatcher.cpp">
      <Filter>Source Files</Filter>
    </ClCompile>
    <ClCompile Include="D:\Program Files\Helios\helios-main\src\util\tinyxml2.cpp">
      <Filter>Source Files</Filter>
    </ClCompile>
  </ItemGroup>
  <ItemGroup>
    <ClInclude Include="D:\Program Files\Helios\helios-main\src\LidarSim.h">
      <Filter>Header Files</Filter>
    </ClInclude>
    <ClInclude Include="D:\Program Files\Helios\helios-main\src\assetloading\Asset.h">
      <Filter>Header Files</Filter>
    </ClInclude>
    <ClInclude Include="D:\Program Files\Helios\helios-main\src\assetloading\LadLutLoader.h">
      <Filter>Header Files</Filter>
    </ClInclude>
    <ClInclude Include="D:\Program Files\Helios\helios-main\src\assetloading\MaterialsFileReader.h">
      <Filter>Header Files</Filter>
    </ClInclude>
    <ClInclude Include="D:\Program Files\Helios\helios-main\src\assetloading\SceneLoadingSpecification.h">
      <Filter>Header Files</Filter>
    </ClInclude>
    <ClInclude Include="D:\Program Files\Helios\helios-main\src\assetloading\ScenePart.h">
      <Filter>Header Files</Filter>
    </ClInclude>
    <ClInclude Include="D:\Program Files\Helios\helios-main\src\assetloading\SpectralLibrary.h">
      <Filter>Header Files</Filter>
    </ClInclude>
    <ClInclude Include="D:\Program Files\Helios\helios-main\src\assetloading\VoxelFileParser.h">
      <Filter>Header Files</Filter>
    </ClInclude>
    <ClInclude Include="D:\Program Files\Helios\helios-main\src\assetloading\XmlAssetsLoader.h">
      <Filter>Header Files</Filter>
    </ClInclude>
    <ClInclude Include="D:\Program Files\Helios\helios-main\src\assetloading\geometryfilter\AbstractGeometryFilter.h">
      <Filter>Header Files</Filter>
    </ClInclude>
    <ClInclude Include="D:\Program Files\Helios\helios-main\src\assetloading\geometryfilter\DetailedVoxelLoader.h">
      <Filter>Header Files</Filter>
    </ClInclude>
    <ClInclude Include="D:\Program Files\Helios\helios-main\src\assetloading\geometryfilter\GeoTiffFileLoader.h">
      <Filter>Header Files</Filter>
    </ClInclude>
    <ClInclude Include="D:\Program Files\Helios\helios-main\src\assetloading\geometryfilter\RotateFilter.h">
      <Filter>Header Files</Filter>
    </ClInclude>
    <ClInclude Include="D:\Program Files\Helios\helios-main\src\assetloading\geometryfilter\ScaleFilter.h">
      <Filter>Header Files</Filter>
    </ClInclude>
    <ClInclude Include="D:\Program Files\Helios\helios-main\src\assetloading\geometryfilter\TranslateFilter.h">
      <Filter>Header Files</Filter>
    </ClInclude>
    <ClInclude Include="D:\Program Files\Helios\helios-main\src\assetloading\geometryfilter\WavefrontObjFileLoader.h">
      <Filter>Header Files</Filter>
    </ClInclude>
    <ClInclude Include="D:\Program Files\Helios\helios-main\src\assetloading\geometryfilter\XYZPointCloudFileLoader.h">
      <Filter>Header Files</Filter>
    </ClInclude>
    <ClInclude Include="D:\Program Files\Helios\helios-main\src\helios_version.h">
      <Filter>Header Files</Filter>
    </ClInclude>
    <ClInclude Include="D:\Program Files\Helios\helios-main\src\maths\Directions.h">
      <Filter>Header Files</Filter>
    </ClInclude>
    <ClInclude Include="D:\Program Files\Helios\helios-main\src\maths\LadLut.h">
      <Filter>Header Files</Filter>
    </ClInclude>
    <ClInclude Include="D:\Program Files\Helios\helios-main\src\maths\MathConstants.h">
      <Filter>Header Files</Filter>
    </ClInclude>
    <ClInclude Include="D:\Program Files\Helios\helios-main\src\maths\MathConverter.h">
      <Filter>Header Files</Filter>
    </ClInclude>
    <ClInclude Include="D:\Program Files\Helios\helios-main\src\maths\PlaneFitter.h">
      <Filter>Header Files</Filter>
    </ClInclude>
    <ClInclude Include="D:\Program Files\Helios\helios-main\src\maths\RayUtils.h">
      <Filter>Header Files</Filter>
    </ClInclude>
    <ClInclude Include="D:\Program Files\Helios\helios-main\src\maths\Rotation.h">
      <Filter>Header Files</Filter>
    </ClInclude>
    <ClInclude Include="D:\Program Files\Helios\helios-main\src\maths\RotationOrder.h">
      <Filter>Header Files</Filter>
    </ClInclude>
    <ClInclude Include="D:\Program Files\Helios\helios-main\src\maths\Vectorial.h">
      <Filter>Header Files</Filter>
    </ClInclude>
    <ClInclude Include="D:\Program Files\Helios\helios-main\src\noise\NoiseSource.h">
      <Filter>Header Files</Filter>
    </ClInclude>
    <ClInclude Include="D:\Program Files\Helios\helios-main\src\noise\NormalNoiseSource.h">
      <Filter>Header Files</Filter>
    </ClInclude>
    <ClInclude Include="D:\Program Files\Helios\helios-main\src\noise\RandomNoiseSource.h">
      <Filter>Header Files</Filter>
    </ClInclude>
    <ClInclude Include="D:\Program Files\Helios\helios-main\src\noise\RandomnessGenerator.h">
      <Filter>Header Files</Filter>
    </ClInclude>
    <ClInclude Include="D:\Program Files\Helios\helios-main\src\noise\UniformNoiseSource.h">
      <Filter>Header Files</Filter>
    </ClInclude>
    <ClInclude Include="D:\Program Files\Helios\helios-main\src\platform\GroundVehiclePlatform.h">
      <Filter>Header Files</Filter>
    </ClInclude>
    <ClInclude Include="D:\Program Files\Helios\helios-main\src\platform\HelicopterPlatform.h">
      <Filter>Header Files</Filter>
    </ClInclude>
    <ClInclude Include="D:\Program Files\Helios\helios-main\src\platform\LinearPathPlatform.h">
      <Filter>Header Files</Filter>
    </ClInclude>
    <ClInclude Include="D:\Program Files\Helios\helios-main\src\platform\MovingPlatform.h">
      <Filter>Header Files</Filter>
    </ClInclude>
    <ClInclude Include="D:\Program Files\Helios\helios-main\src\platform\Platform.h">
      <Filter>Header Files</Filter>
    </ClInclude>
    <ClInclude Include="D:\Program Files\Helios\helios-main\src\platform\PlatformSettings.h">
      <Filter>Header Files</Filter>
    </ClInclude>
    <ClInclude Include="D:\Program Files\Helios\helios-main\src\platform\SimplePhysicsPlatform.h">
      <Filter>Header Files</Filter>
    </ClInclude>
    <ClInclude Include="D:\Program Files\Helios\helios-main\src\pybinds\PyAABBWrapper.h">
      <Filter>Header Files</Filter>
    </ClInclude>
    <ClInclude Include="D:\Program Files\Helios\helios-main\src\pybinds\PyBeamDeflectorWrapper.h">
      <Filter>Header Files</Filter>
    </ClInclude>
    <ClInclude Include="D:\Program Files\Helios\helios-main\src\pybinds\PyDetailedVoxelWrapper.h">
      <Filter>Header Files</Filter>
    </ClInclude>
    <ClInclude Include="D:\Program Files\Helios\helios-main\src\pybinds\PyDetectorWrapper.h">
      <Filter>Header Files</Filter>
    </ClInclude>
    <ClInclude Include="D:\Program Files\Helios\helios-main\src\pybinds\PyDoubleVector.h">
      <Filter>Header Files</Filter>
    </ClInclude>
    <ClInclude Include="D:\Program Files\Helios\helios-main\src\pybinds\PyHeliosException.h">
      <Filter>Header Files</Filter>
    </ClInclude>
    <ClInclude Include="D:\Program Files\Helios\helios-main\src\pybinds\PyHeliosOutputWrapper.h">
      <Filter>Header Files</Filter>
    </ClInclude>
    <ClInclude Include="D:\Program Files\Helios\helios-main\src\pybinds\PyHeliosSimulation.h">
      <Filter>Header Files</Filter>
    </ClInclude>
    <ClInclude Include="D:\Program Files\Helios\helios-main\src\pybinds\PyHeliosUtils.h">
      <Filter>Header Files</Filter>
    </ClInclude>
    <ClInclude Include="D:\Program Files\Helios\helios-main\src\pybinds\PyIntegerList.h">
      <Filter>Header Files</Filter>
    </ClInclude>
    <ClInclude Include="D:\Program Files\Helios\helios-main\src\pybinds\PyMeasurementVectorWrapper.h">
      <Filter>Header Files</Filter>
    </ClInclude>
    <ClInclude Include="D:\Program Files\Helios\helios-main\src\pybinds\PyMeasurementWrapper.h">
      <Filter>Header Files</Filter>
    </ClInclude>
    <ClInclude Include="D:\Program Files\Helios\helios-main\src\pybinds\PyNoiseSourceWrapper.h">
      <Filter>Header Files</Filter>
    </ClInclude>
    <ClInclude Include="D:\Program Files\Helios\helios-main\src\pybinds\PyPlatformWrapper.h">
      <Filter>Header Files</Filter>
    </ClInclude>
    <ClInclude Include="D:\Program Files\Helios\helios-main\src\pybinds\PyPrimitiveWrapper.h">
      <Filter>Header Files</Filter>
    </ClInclude>
    <ClInclude Include="D:\Program Files\Helios\helios-main\src\pybinds\PyRandomnessGeneratorWrapper.h">
      <Filter>Header Files</Filter>
    </ClInclude>
    <ClInclude Include="D:\Program Files\Helios\helios-main\src\pybinds\PyRaySceneIntersectionWrapper.h">
      <Filter>Header Files</Filter>
    </ClInclude>
    <ClInclude Include="D:\Program Files\Helios\helios-main\src\pybinds\PyScenePartWrapper.h">
      <Filter>Header Files</Filter>
    </ClInclude>
    <ClInclude Include="D:\Program Files\Helios\helios-main\src\pybinds\PySceneWrapper.h">
      <Filter>Header Files</Filter>
    </ClInclude>
    <ClInclude Include="D:\Program Files\Helios\helios-main\src\pybinds\PySimulationCycleCallback.h">
      <Filter>Header Files</Filter>
    </ClInclude>
    <ClInclude Include="D:\Program Files\Helios\helios-main\src\pybinds\PyTrajectoryVectorWrapper.h">
      <Filter>Header Files</Filter>
    </ClInclude>
    <ClInclude Include="D:\Program Files\Helios\helios-main\src\pybinds\PyTrajectoryWrapper.h">
      <Filter>Header Files</Filter>
    </ClInclude>
    <ClInclude Include="D:\Program Files\Helios\helios-main\src\pybinds\PyTriangleWrapper.h">
      <Filter>Header Files</Filter>
    </ClInclude>
    <ClInclude Include="D:\Program Files\Helios\helios-main\src\pybinds\PyVertexWrapper.h">
      <Filter>Header Files</Filter>
    </ClInclude>
    <ClInclude Include="D:\Program Files\Helios\helios-main\src\pybinds\PythonDVec3.h">
      <Filter>Header Files</Filter>
    </ClInclude>
    <ClInclude Include="D:\Program Files\Helios\helios-main\src\scanner\FWFSettings.h">
      <Filter>Header Files</Filter>
    </ClInclude>
    <ClInclude Include="D:\Program Files\Helios\helios-main\src\scanner\Measurement.h">
      <Filter>Header Files</Filter>
    </ClInclude>
    <ClInclude Include="D:\Program Files\Helios\helios-main\src\scanner\Scanner.h">
      <Filter>Header Files</Filter>
    </ClInclude>
    <ClInclude Include="D:\Program Files\Helios\helios-main\src\scanner\ScannerHead.h">
      <Filter>Header Files</Filter>
    </ClInclude>
    <ClInclude Include="D:\Program Files\Helios\helios-main\src\scanner\ScannerSettings.h">
      <Filter>Header Files</Filter>
    </ClInclude>
    <ClInclude Include="D:\Program Files\Helios\helios-main\src\scanner\Trajectory.h">
      <Filter>Header Files</Filter>
    </ClInclude>
    <ClInclude Include="D:\Program Files\Helios\helios-main\src\scanner\beamDeflector\AbstractBeamDeflector.h">
      <Filter>Header Files</Filter>
    </ClInclude>
    <ClInclude Include="D:\Program Files\Helios\helios-main\src\scanner\beamDeflector\ConicBeamDeflector.h">
      <Filter>Header Files</Filter>
    </ClInclude>
    <ClInclude Include="D:\Program Files\Helios\helios-main\src\scanner\beamDeflector\FiberArrayBeamDeflector.h">
      <Filter>Header Files</Filter>
    </ClInclude>
    <ClInclude Include="D:\Program Files\Helios\helios-main\src\scanner\beamDeflector\OscillatingMirrorBeamDeflector.h">
      <Filter>Header Files</Filter>
    </ClInclude>
    <ClInclude Include="D:\Program Files\Helios\helios-main\src\scanner\beamDeflector\PolygonMirrorBeamDeflector.h">
      <Filter>Header Files</Filter>
    </ClInclude>
    <ClInclude Include="D:\Program Files\Helios\helios-main\src\scanner\beamDeflector\RisleyBeamDeflector.h">
      <Filter>Header Files</Filter>
    </ClInclude>
    <ClInclude Include="D:\Program Files\Helios\helios-main\src\scanner\detector\AbstractDetector.h">
      <Filter>Header Files</Filter>
    </ClInclude>
    <ClInclude Include="D:\Program Files\Helios\helios-main\src\scanner\detector\AbstractPulseRunnable.h">
      <Filter>Header Files</Filter>
    </ClInclude>
    <ClInclude Include="D:\Program Files\Helios\helios-main\src\scanner\detector\FullWaveformPulseDetector.h">
      <Filter>Header Files</Filter>
    </ClInclude>
    <ClInclude Include="D:\Program Files\Helios\helios-main\src\scanner\detector\FullWaveformPulseRunnable.h">
      <Filter>Header Files</Filter>
    </ClInclude>
    <ClInclude Include="D:\Program Files\Helios\helios-main\src\scanner\detector\MarquardtFitter.h">
      <Filter>Header Files</Filter>
    </ClInclude>
    <ClInclude Include="D:\Program Files\Helios\helios-main\src\scanner\detector\MeasurementsBuffer.h">
      <Filter>Header Files</Filter>
    </ClInclude>
    <ClInclude Include="D:\Program Files\Helios\helios-main\src\scene\IntersectionHandlingResult.h">
      <Filter>Header Files</Filter>
    </ClInclude>
    <ClInclude Include="D:\Program Files\Helios\helios-main\src\scene\KDTreeNode.h">
      <Filter>Header Files</Filter>
    </ClInclude>
    <ClInclude Include="D:\Program Files\Helios\helios-main\src\scene\KDTreeNodeRoot.h">
      <Filter>Header Files</Filter>
    </ClInclude>
    <ClInclude Include="D:\Program Files\Helios\helios-main\src\scene\KDTreePrimitiveComparator.h">
      <Filter>Header Files</Filter>
    </ClInclude>
    <ClInclude Include="D:\Program Files\Helios\helios-main\src\scene\KDTreeRaycaster.h">
      <Filter>Header Files</Filter>
    </ClInclude>
    <ClInclude Include="D:\Program Files\Helios\helios-main\src\scene\Material.h">
      <Filter>Header Files</Filter>
    </ClInclude>
    <ClInclude Include="D:\Program Files\Helios\helios-main\src\scene\RaySceneIntersection.h">
      <Filter>Header Files</Filter>
    </ClInclude>
    <ClInclude Include="D:\Program Files\Helios\helios-main\src\scene\Scene.h">
      <Filter>Header Files</Filter>
    </ClInclude>
    <ClInclude Include="D:\Program Files\Helios\helios-main\src\scene\primitives\AABB.h">
      <Filter>Header Files</Filter>
    </ClInclude>
    <ClInclude Include="D:\Program Files\Helios\helios-main\src\scene\primitives\DetailedVoxel.h">
      <Filter>Header Files</Filter>
    </ClInclude>
    <ClInclude Include="D:\Program Files\Helios\helios-main\src\scene\primitives\Primitive.h">
      <Filter>Header Files</Filter>
    </ClInclude>
    <ClInclude Include="D:\Program Files\Helios\helios-main\src\scene\primitives\Triangle.h">
      <Filter>Header Files</Filter>
    </ClInclude>
    <ClInclude Include="D:\Program Files\Helios\helios-main\src\scene\primitives\Vertex.h">
      <Filter>Header Files</Filter>
    </ClInclude>
    <ClInclude Include="D:\Program Files\Helios\helios-main\src\scene\primitives\Voxel.h">
      <Filter>Header Files</Filter>
    </ClInclude>
    <ClInclude Include="D:\Program Files\Helios\helios-main\src\surveyplayback\Leg.h">
      <Filter>Header Files</Filter>
    </ClInclude>
    <ClInclude Include="D:\Program Files\Helios\helios-main\src\surveyplayback\Simulation.h">
      <Filter>Header Files</Filter>
    </ClInclude>
    <ClInclude Include="D:\Program Files\Helios\helios-main\src\surveyplayback\SimulationCycleCallback.h">
      <Filter>Header Files</Filter>
    </ClInclude>
    <ClInclude Include="D:\Program Files\Helios\helios-main\src\surveyplayback\Survey.h">
      <Filter>Header Files</Filter>
    </ClInclude>
    <ClInclude Include="D:\Program Files\Helios\helios-main\src\surveyplayback\SurveyPlayback.h">
      <Filter>Header Files</Filter>
    </ClInclude>
    <ClInclude Include="D:\Program Files\Helios\helios-main\src\surveyplayback\XmlSurveyLoader.h">
      <Filter>Header Files</Filter>
    </ClInclude>
    <ClInclude Include="D:\Program Files\Helios\helios-main\src\targetver.h">
      <Filter>Header Files</Filter>
    </ClInclude>
    <ClInclude Include="D:\Program Files\Helios\helios-main\src\test\BaseTest.h">
      <Filter>Header Files</Filter>
    </ClInclude>
    <ClInclude Include="D:\Program Files\Helios\helios-main\src\test\LadLutTest.h">
      <Filter>Header Files</Filter>
    </ClInclude>
    <ClInclude Include="D:\Program Files\Helios\helios-main\src\test\NoiseTest.h">
      <Filter>Header Files</Filter>
    </ClInclude>
    <ClInclude Include="D:\Program Files\Helios\helios-main\src\test\PlaneFitterTest.h">
      <Filter>Header Files</Filter>
    </ClInclude>
    <ClInclude Include="D:\Program Files\Helios\helios-main\src\test\PlatformPhysicsTest.h">
      <Filter>Header Files</Filter>
    </ClInclude>
    <ClInclude Include="D:\Program Files\Helios\helios-main\src\test\RandomTest.h">
      <Filter>Header Files</Filter>
    </ClInclude>
    <ClInclude Include="D:\Program Files\Helios\helios-main\src\test\RayIntersectionTest.h">
      <Filter>Header Files</Filter>
    </ClInclude>
    <ClInclude Include="D:\Program Files\Helios\helios-main\src\test\ScenePartSplitTest.h">
      <Filter>Header Files</Filter>
    </ClInclude>
    <ClInclude Include="D:\Program Files\Helios\helios-main\src\test\SerializationTest.h">
      <Filter>Header Files</Filter>
    </ClInclude>
    <ClInclude Include="D:\Program Files\Helios\helios-main\src\test\SurveyCopyTest.h">
      <Filter>Header Files</Filter>
    </ClInclude>
    <ClInclude Include="D:\Program Files\Helios\helios-main\src\test\Test.h">
      <Filter>Header Files</Filter>
    </ClInclude>
    <ClInclude Include="D:\Program Files\Helios\helios-main\src\test\VoxelParsingTest.h">
      <Filter>Header Files</Filter>
    </ClInclude>
    <ClInclude Include="D:\Program Files\Helios\helios-main\src\util\ArgumentsParser.h">
      <Filter>Header Files</Filter>
    </ClInclude>
    <ClInclude Include="D:\Program Files\Helios\helios-main\src\util\Color4f.h">
      <Filter>Header Files</Filter>
    </ClInclude>
    <ClInclude Include="D:\Program Files\Helios\helios-main\src\util\FileUtils.h">
      <Filter>Header Files</Filter>
    </ClInclude>
    <ClInclude Include="D:\Program Files\Helios\helios-main\src\util\HeliosException.h">
      <Filter>Header Files</Filter>
    </ClInclude>
    <ClInclude Include="D:\Program Files\Helios\helios-main\src\util\LasSpecification.h">
      <Filter>Header Files</Filter>
    </ClInclude>
    <ClInclude Include="D:\Program Files\Helios\helios-main\src\util\LasSyncFileWriter.h">
      <Filter>Header Files</Filter>
    </ClInclude>
    <ClInclude Include="D:\Program Files\Helios\helios-main\src\util\PrintUtils.h">
      <Filter>Header Files</Filter>
    </ClInclude>
    <ClInclude Include="D:\Program Files\Helios\helios-main\src\util\SerialIO.h">
      <Filter>Header Files</Filter>
    </ClInclude>
    <ClInclude Include="D:\Program Files\Helios\helios-main\src\util\SimpleSyncFileWriter.h">
      <Filter>Header Files</Filter>
    </ClInclude>
    <ClInclude Include="D:\Program Files\Helios\helios-main\src\util\SyncFileWriter.h">
      <Filter>Header Files</Filter>
    </ClInclude>
    <ClInclude Include="D:\Program Files\Helios\helios-main\src\util\ThreadPool.h">
      <Filter>Header Files</Filter>
    </ClInclude>
    <ClInclude Include="D:\Program Files\Helios\helios-main\src\util\TimeWatcher.h">
      <Filter>Header Files</Filter>
    </ClInclude>
    <ClInclude Include="D:\Program Files\Helios\helios-main\src\util\ZipSyncFileWriter.h">
      <Filter>Header Files</Filter>
    </ClInclude>
    <ClInclude Include="D:\Program Files\Helios\helios-main\src\util\logger\file_logger.hpp">
      <Filter>Header Files</Filter>
    </ClInclude>
    <ClInclude Include="D:\Program Files\Helios\helios-main\src\util\logger\full_logger.hpp">
      <Filter>Header Files</Filter>
    </ClInclude>
    <ClInclude Include="D:\Program Files\Helios\helios-main\src\util\logger\logger.hpp">
      <Filter>Header Files</Filter>
    </ClInclude>
    <ClInclude Include="D:\Program Files\Helios\helios-main\src\util\logger\logger_factory.hpp">
      <Filter>Header Files</Filter>
    </ClInclude>
    <ClInclude Include="D:\Program Files\Helios\helios-main\src\util\logger\logging.hpp">
      <Filter>Header Files</Filter>
    </ClInclude>
    <ClInclude Include="D:\Program Files\Helios\helios-main\src\util\logger\logging_common.hpp">
      <Filter>Header Files</Filter>
    </ClInclude>
    <ClInclude Include="D:\Program Files\Helios\helios-main\src\util\logger\logging_creation.hpp">
      <Filter>Header Files</Filter>
    </ClInclude>
    <ClInclude Include="D:\Program Files\Helios\helios-main\src\util\logger\std_out_logger.hpp">
      <Filter>Header Files</Filter>
    </ClInclude>
    <ClInclude Include="D:\Program Files\Helios\helios-main\src\util\serial.h">
      <Filter>Header Files</Filter>
    </ClInclude>
    <ClInclude Include="D:\Program Files\Helios\helios-main\src\util\tinyxml2.h">
      <Filter>Header Files</Filter>
    </ClInclude>
    <ClInclude Include="D:\Program Files\Helios\helios-main\src\util\typedef.h">
      <Filter>Header Files</Filter>
    </ClInclude>
  </ItemGroup>
  <ItemGroup>
    <CustomBuild Include="D:\Program Files\Helios\helios-main\CMakeLists.txt" />
  </ItemGroup>
  <ItemGroup>
    <ResourceCompile Include="D:\Program Files\Helios\helios-main\AppIcon.rc">
      <Filter>Source Files</Filter>
    </ResourceCompile>
  </ItemGroup>
  <ItemGroup>
    <Filter Include="Header Files">
      <UniqueIdentifier>{1894B501-9619-3063-B8B3-383FBA0C1059}</UniqueIdentifier>
    </Filter>
    <Filter Include="Source Files">
      <UniqueIdentifier>{6DBA3758-114B-3F92-9496-0E5DC05BA2EE}</UniqueIdentifier>
    </Filter>
  </ItemGroup>
</Project>
